// !$*UTF8*$!
{
	archiveVersion = 1;
	classes = {
	};
	objectVersion = 56;
	objects = {

/* Begin PBXBuildFile section */
		597DE9042B16621F006A85BC /* CastulatorApp.swift in Sources */ = {isa = PBXBuildFile; fileRef = 597DE9032B16621F006A85BC /* CastulatorApp.swift */; };
		597DE9062B16621F006A85BC /* ContentView.swift in Sources */ = {isa = PBXBuildFile; fileRef = 597DE9052B16621F006A85BC /* ContentView.swift */; };
		597DE9082B166221006A85BC /* Assets.xcassets in Resources */ = {isa = PBXBuildFile; fileRef = 597DE9072B166221006A85BC /* Assets.xcassets */; };
		597DE90B2B166221006A85BC /* Preview Assets.xcassets in Resources */ = {isa = PBXBuildFile; fileRef = 597DE90A2B166221006A85BC /* Preview Assets.xcassets */; };
		597DE9132B16CFDC006A85BC /* MedievalSharp-Regular.ttf in Resources */ = {isa = PBXBuildFile; fileRef = 597DE9112B16CD6A006A85BC /* MedievalSharp-Regular.ttf */; };
		598EA1722B1788DC00E6A93B /* CastResult.swift in Sources */ = {isa = PBXBuildFile; fileRef = 598EA1712B1788DC00E6A93B /* CastResult.swift */; };
		598EA1762B1789B700E6A93B /* CastResultView.swift in Sources */ = {isa = PBXBuildFile; fileRef = 598EA1752B1789B700E6A93B /* CastResultView.swift */; };
		598EA1782B178BB100E6A93B /* DiceButton.swift in Sources */ = {isa = PBXBuildFile; fileRef = 598EA1772B178BB100E6A93B /* DiceButton.swift */; };
		59D04A4B2B182A34005631AD /* CastResultHistoryView.swift in Sources */ = {isa = PBXBuildFile; fileRef = 59D04A4A2B182A34005631AD /* CastResultHistoryView.swift */; };
		59E573FE2B23A716008ADF2A /* QuickCastView.swift in Sources */ = {isa = PBXBuildFile; fileRef = 59E573FD2B23A716008ADF2A /* QuickCastView.swift */; };
		59E574002B23AC54008ADF2A /* CastulatorView.swift in Sources */ = {isa = PBXBuildFile; fileRef = 59E573FF2B23AC54008ADF2A /* CastulatorView.swift */; };
		59E5740A2B2B5AFF008ADF2A /* CastulatorTests.swift in Sources */ = {isa = PBXBuildFile; fileRef = 59E574092B2B5AFF008ADF2A /* CastulatorTests.swift */; };
/* End PBXBuildFile section */

/* Begin PBXContainerItemProxy section */
		59E5740B2B2B5AFF008ADF2A /* PBXContainerItemProxy */ = {
			isa = PBXContainerItemProxy;
			containerPortal = 597DE8F82B16621F006A85BC /* Project object */;
			proxyType = 1;
			remoteGlobalIDString = 597DE8FF2B16621F006A85BC;
			remoteInfo = Castulator;
		};
/* End PBXContainerItemProxy section */

/* Begin PBXFileReference section */
		597DE9002B16621F006A85BC /* Castulator.app */ = {isa = PBXFileReference; explicitFileType = wrapper.application; includeInIndex = 0; path = Castulator.app; sourceTree = BUILT_PRODUCTS_DIR; };
		597DE9032B16621F006A85BC /* CastulatorApp.swift */ = {isa = PBXFileReference; lastKnownFileType = sourcecode.swift; path = CastulatorApp.swift; sourceTree = "<group>"; };
		597DE9052B16621F006A85BC /* ContentView.swift */ = {isa = PBXFileReference; lastKnownFileType = sourcecode.swift; path = ContentView.swift; sourceTree = "<group>"; };
		597DE9072B166221006A85BC /* Assets.xcassets */ = {isa = PBXFileReference; lastKnownFileType = folder.assetcatalog; path = Assets.xcassets; sourceTree = "<group>"; };
		597DE90A2B166221006A85BC /* Preview Assets.xcassets */ = {isa = PBXFileReference; lastKnownFileType = folder.assetcatalog; path = "Preview Assets.xcassets"; sourceTree = "<group>"; };
		597DE9112B16CD6A006A85BC /* MedievalSharp-Regular.ttf */ = {isa = PBXFileReference; lastKnownFileType = file; path = "MedievalSharp-Regular.ttf"; sourceTree = "<group>"; };
		597DE9122B16CF67006A85BC /* Info.plist */ = {isa = PBXFileReference; lastKnownFileType = text.plist; path = Info.plist; sourceTree = "<group>"; };
		598EA1712B1788DC00E6A93B /* CastResult.swift */ = {isa = PBXFileReference; lastKnownFileType = sourcecode.swift; path = CastResult.swift; sourceTree = "<group>"; };
		598EA1752B1789B700E6A93B /* CastResultView.swift */ = {isa = PBXFileReference; lastKnownFileType = sourcecode.swift; path = CastResultView.swift; sourceTree = "<group>"; };
		598EA1772B178BB100E6A93B /* DiceButton.swift */ = {isa = PBXFileReference; lastKnownFileType = sourcecode.swift; path = DiceButton.swift; sourceTree = "<group>"; };
		59D04A4A2B182A34005631AD /* CastResultHistoryView.swift */ = {isa = PBXFileReference; lastKnownFileType = sourcecode.swift; path = CastResultHistoryView.swift; sourceTree = "<group>"; };
		59E573FD2B23A716008ADF2A /* QuickCastView.swift */ = {isa = PBXFileReference; lastKnownFileType = sourcecode.swift; path = QuickCastView.swift; sourceTree = "<group>"; };
		59E573FF2B23AC54008ADF2A /* CastulatorView.swift */ = {isa = PBXFileReference; lastKnownFileType = sourcecode.swift; path = CastulatorView.swift; sourceTree = "<group>"; };
		59E574072B2B5AFF008ADF2A /* CastulatorTests.xctest */ = {isa = PBXFileReference; explicitFileType = wrapper.cfbundle; includeInIndex = 0; path = CastulatorTests.xctest; sourceTree = BUILT_PRODUCTS_DIR; };
		59E574092B2B5AFF008ADF2A /* CastulatorTests.swift */ = {isa = PBXFileReference; lastKnownFileType = sourcecode.swift; path = CastulatorTests.swift; sourceTree = "<group>"; };
/* End PBXFileReference section */

/* Begin PBXFrameworksBuildPhase section */
		597DE8FD2B16621F006A85BC /* Frameworks */ = {
			isa = PBXFrameworksBuildPhase;
			buildActionMask = 2147483647;
			files = (
			);
			runOnlyForDeploymentPostprocessing = 0;
		};
		59E574042B2B5AFF008ADF2A /* Frameworks */ = {
			isa = PBXFrameworksBuildPhase;
			buildActionMask = 2147483647;
			files = (
			);
			runOnlyForDeploymentPostprocessing = 0;
		};
/* End PBXFrameworksBuildPhase section */

/* Begin PBXGroup section */
		597DE8F72B16621F006A85BC = {
			isa = PBXGroup;
			children = (
				597DE9022B16621F006A85BC /* Castulator */,
				59E574082B2B5AFF008ADF2A /* CastulatorTests */,
				597DE9012B16621F006A85BC /* Products */,
			);
			sourceTree = "<group>";
		};
		597DE9012B16621F006A85BC /* Products */ = {
			isa = PBXGroup;
			children = (
				597DE9002B16621F006A85BC /* Castulator.app */,
				59E574072B2B5AFF008ADF2A /* CastulatorTests.xctest */,
			);
			name = Products;
			sourceTree = "<group>";
		};
		597DE9022B16621F006A85BC /* Castulator */ = {
			isa = PBXGroup;
			children = (
				597DE9122B16CF67006A85BC /* Info.plist */,
				597DE9112B16CD6A006A85BC /* MedievalSharp-Regular.ttf */,
				597DE9032B16621F006A85BC /* CastulatorApp.swift */,
				597DE9052B16621F006A85BC /* ContentView.swift */,
				597DE9072B166221006A85BC /* Assets.xcassets */,
				597DE9092B166221006A85BC /* Preview Content */,
				598EA1712B1788DC00E6A93B /* CastResult.swift */,
				598EA1752B1789B700E6A93B /* CastResultView.swift */,
				59D04A4A2B182A34005631AD /* CastResultHistoryView.swift */,
				598EA1772B178BB100E6A93B /* DiceButton.swift */,
				59E573FD2B23A716008ADF2A /* QuickCastView.swift */,
				59E573FF2B23AC54008ADF2A /* CastulatorView.swift */,
			);
			path = Castulator;
			sourceTree = "<group>";
		};
		597DE9092B166221006A85BC /* Preview Content */ = {
			isa = PBXGroup;
			children = (
				597DE90A2B166221006A85BC /* Preview Assets.xcassets */,
			);
			path = "Preview Content";
			sourceTree = "<group>";
		};
		59E574082B2B5AFF008ADF2A /* CastulatorTests */ = {
			isa = PBXGroup;
			children = (
				59E574092B2B5AFF008ADF2A /* CastulatorTests.swift */,
			);
			path = CastulatorTests;
			sourceTree = "<group>";
		};
/* End PBXGroup section */

/* Begin PBXNativeTarget section */
		597DE8FF2B16621F006A85BC /* Castulator */ = {
			isa = PBXNativeTarget;
			buildConfigurationList = 597DE90E2B166221006A85BC /* Build configuration list for PBXNativeTarget "Castulator" */;
			buildPhases = (
				597DE8FC2B16621F006A85BC /* Sources */,
				597DE8FD2B16621F006A85BC /* Frameworks */,
				597DE8FE2B16621F006A85BC /* Resources */,
			);
			buildRules = (
			);
			dependencies = (
			);
			name = Castulator;
			productName = Castulator;
			productReference = 597DE9002B16621F006A85BC /* Castulator.app */;
			productType = "com.apple.product-type.application";
		};
		59E574062B2B5AFF008ADF2A /* CastulatorTests */ = {
			isa = PBXNativeTarget;
			buildConfigurationList = 59E5740D2B2B5AFF008ADF2A /* Build configuration list for PBXNativeTarget "CastulatorTests" */;
			buildPhases = (
				59E574032B2B5AFF008ADF2A /* Sources */,
				59E574042B2B5AFF008ADF2A /* Frameworks */,
				59E574052B2B5AFF008ADF2A /* Resources */,
			);
			buildRules = (
			);
			dependencies = (
				59E5740C2B2B5AFF008ADF2A /* PBXTargetDependency */,
			);
			name = CastulatorTests;
			productName = CastulatorTests;
			productReference = 59E574072B2B5AFF008ADF2A /* CastulatorTests.xctest */;
			productType = "com.apple.product-type.bundle.unit-test";
		};
/* End PBXNativeTarget section */

/* Begin PBXProject section */
		597DE8F82B16621F006A85BC /* Project object */ = {
			isa = PBXProject;
			attributes = {
				BuildIndependentTargetsInParallel = 1;
				LastSwiftUpdateCheck = 1500;
				LastUpgradeCheck = 1500;
				TargetAttributes = {
					597DE8FF2B16621F006A85BC = {
						CreatedOnToolsVersion = 15.0.1;
					};
					59E574062B2B5AFF008ADF2A = {
						CreatedOnToolsVersion = 15.0.1;
						TestTargetID = 597DE8FF2B16621F006A85BC;
					};
				};
			};
			buildConfigurationList = 597DE8FB2B16621F006A85BC /* Build configuration list for PBXProject "Castulator" */;
			compatibilityVersion = "Xcode 14.0";
			developmentRegion = en;
			hasScannedForEncodings = 0;
			knownRegions = (
				en,
				Base,
			);
			mainGroup = 597DE8F72B16621F006A85BC;
			productRefGroup = 597DE9012B16621F006A85BC /* Products */;
			projectDirPath = "";
			projectRoot = "";
			targets = (
				597DE8FF2B16621F006A85BC /* Castulator */,
				59E574062B2B5AFF008ADF2A /* CastulatorTests */,
			);
		};
/* End PBXProject section */

/* Begin PBXResourcesBuildPhase section */
		597DE8FE2B16621F006A85BC /* Resources */ = {
			isa = PBXResourcesBuildPhase;
			buildActionMask = 2147483647;
			files = (
				597DE9132B16CFDC006A85BC /* MedievalSharp-Regular.ttf in Resources */,
				597DE90B2B166221006A85BC /* Preview Assets.xcassets in Resources */,
				597DE9082B166221006A85BC /* Assets.xcassets in Resources */,
			);
			runOnlyForDeploymentPostprocessing = 0;
		};
		59E574052B2B5AFF008ADF2A /* Resources */ = {
			isa = PBXResourcesBuildPhase;
			buildActionMask = 2147483647;
			files = (
			);
			runOnlyForDeploymentPostprocessing = 0;
		};
/* End PBXResourcesBuildPhase section */

/* Begin PBXSourcesBuildPhase section */
		597DE8FC2B16621F006A85BC /* Sources */ = {
			isa = PBXSourcesBuildPhase;
			buildActionMask = 2147483647;
			files = (
				598EA1762B1789B700E6A93B /* CastResultView.swift in Sources */,
				59E574002B23AC54008ADF2A /* CastulatorView.swift in Sources */,
				598EA1782B178BB100E6A93B /* DiceButton.swift in Sources */,
				597DE9062B16621F006A85BC /* ContentView.swift in Sources */,
				598EA1722B1788DC00E6A93B /* CastResult.swift in Sources */,
				597DE9042B16621F006A85BC /* CastulatorApp.swift in Sources */,
				59D04A4B2B182A34005631AD /* CastResultHistoryView.swift in Sources */,
				59E573FE2B23A716008ADF2A /* QuickCastView.swift in Sources */,
			);
			runOnlyForDeploymentPostprocessing = 0;
		};
		59E574032B2B5AFF008ADF2A /* Sources */ = {
			isa = PBXSourcesBuildPhase;
			buildActionMask = 2147483647;
			files = (
				59E5740A2B2B5AFF008ADF2A /* CastulatorTests.swift in Sources */,
			);
			runOnlyForDeploymentPostprocessing = 0;
		};
/* End PBXSourcesBuildPhase section */

/* Begin PBXTargetDependency section */
		59E5740C2B2B5AFF008ADF2A /* PBXTargetDependency */ = {
			isa = PBXTargetDependency;
			target = 597DE8FF2B16621F006A85BC /* Castulator */;
			targetProxy = 59E5740B2B2B5AFF008ADF2A /* PBXContainerItemProxy */;
		};
/* End PBXTargetDependency section */

/* Begin XCBuildConfiguration section */
		597DE90C2B166221006A85BC /* Debug */ = {
			isa = XCBuildConfiguration;
			buildSettings = {
				ALWAYS_SEARCH_USER_PATHS = NO;
				ASSETCATALOG_COMPILER_GENERATE_SWIFT_ASSET_SYMBOL_EXTENSIONS = YES;
				CLANG_ANALYZER_NONNULL = YES;
				CLANG_ANALYZER_NUMBER_OBJECT_CONVERSION = YES_AGGRESSIVE;
				CLANG_CXX_LANGUAGE_STANDARD = "gnu++20";
				CLANG_ENABLE_MODULES = YES;
				CLANG_ENABLE_OBJC_ARC = YES;
				CLANG_ENABLE_OBJC_WEAK = YES;
				CLANG_WARN_BLOCK_CAPTURE_AUTORELEASING = YES;
				CLANG_WARN_BOOL_CONVERSION = YES;
				CLANG_WARN_COMMA = YES;
				CLANG_WARN_CONSTANT_CONVERSION = YES;
				CLANG_WARN_DEPRECATED_OBJC_IMPLEMENTATIONS = YES;
				CLANG_WARN_DIRECT_OBJC_ISA_USAGE = YES_ERROR;
				CLANG_WARN_DOCUMENTATION_COMMENTS = YES;
				CLANG_WARN_EMPTY_BODY = YES;
				CLANG_WARN_ENUM_CONVERSION = YES;
				CLANG_WARN_INFINITE_RECURSION = YES;
				CLANG_WARN_INT_CONVERSION = YES;
				CLANG_WARN_NON_LITERAL_NULL_CONVERSION = YES;
				CLANG_WARN_OBJC_IMPLICIT_RETAIN_SELF = YES;
				CLANG_WARN_OBJC_LITERAL_CONVERSION = YES;
				CLANG_WARN_OBJC_ROOT_CLASS = YES_ERROR;
				CLANG_WARN_QUOTED_INCLUDE_IN_FRAMEWORK_HEADER = YES;
				CLANG_WARN_RANGE_LOOP_ANALYSIS = YES;
				CLANG_WARN_STRICT_PROTOTYPES = YES;
				CLANG_WARN_SUSPICIOUS_MOVE = YES;
				CLANG_WARN_UNGUARDED_AVAILABILITY = YES_AGGRESSIVE;
				CLANG_WARN_UNREACHABLE_CODE = YES;
				CLANG_WARN__DUPLICATE_METHOD_MATCH = YES;
				COPY_PHASE_STRIP = NO;
				DEBUG_INFORMATION_FORMAT = dwarf;
				ENABLE_STRICT_OBJC_MSGSEND = YES;
				ENABLE_TESTABILITY = YES;
				ENABLE_USER_SCRIPT_SANDBOXING = YES;
				GCC_C_LANGUAGE_STANDARD = gnu17;
				GCC_DYNAMIC_NO_PIC = NO;
				GCC_NO_COMMON_BLOCKS = YES;
				GCC_OPTIMIZATION_LEVEL = 0;
				GCC_PREPROCESSOR_DEFINITIONS = (
					"DEBUG=1",
					"$(inherited)",
				);
				GCC_WARN_64_TO_32_BIT_CONVERSION = YES;
				GCC_WARN_ABOUT_RETURN_TYPE = YES_ERROR;
				GCC_WARN_UNDECLARED_SELECTOR = YES;
				GCC_WARN_UNINITIALIZED_AUTOS = YES_AGGRESSIVE;
				GCC_WARN_UNUSED_FUNCTION = YES;
				GCC_WARN_UNUSED_VARIABLE = YES;
				IPHONEOS_DEPLOYMENT_TARGET = 17.0;
				LOCALIZATION_PREFERS_STRING_CATALOGS = YES;
				MTL_ENABLE_DEBUG_INFO = INCLUDE_SOURCE;
				MTL_FAST_MATH = YES;
				ONLY_ACTIVE_ARCH = YES;
				SDKROOT = iphoneos;
				SWIFT_ACTIVE_COMPILATION_CONDITIONS = "DEBUG $(inherited)";
				SWIFT_OPTIMIZATION_LEVEL = "-Onone";
			};
			name = Debug;
		};
		597DE90D2B166221006A85BC /* Release */ = {
			isa = XCBuildConfiguration;
			buildSettings = {
				ALWAYS_SEARCH_USER_PATHS = NO;
				ASSETCATALOG_COMPILER_GENERATE_SWIFT_ASSET_SYMBOL_EXTENSIONS = YES;
				CLANG_ANALYZER_NONNULL = YES;
				CLANG_ANALYZER_NUMBER_OBJECT_CONVERSION = YES_AGGRESSIVE;
				CLANG_CXX_LANGUAGE_STANDARD = "gnu++20";
				CLANG_ENABLE_MODULES = YES;
				CLANG_ENABLE_OBJC_ARC = YES;
				CLANG_ENABLE_OBJC_WEAK = YES;
				CLANG_WARN_BLOCK_CAPTURE_AUTORELEASING = YES;
				CLANG_WARN_BOOL_CONVERSION = YES;
				CLANG_WARN_COMMA = YES;
				CLANG_WARN_CONSTANT_CONVERSION = YES;
				CLANG_WARN_DEPRECATED_OBJC_IMPLEMENTATIONS = YES;
				CLANG_WARN_DIRECT_OBJC_ISA_USAGE = YES_ERROR;
				CLANG_WARN_DOCUMENTATION_COMMENTS = YES;
				CLANG_WARN_EMPTY_BODY = YES;
				CLANG_WARN_ENUM_CONVERSION = YES;
				CLANG_WARN_INFINITE_RECURSION = YES;
				CLANG_WARN_INT_CONVERSION = YES;
				CLANG_WARN_NON_LITERAL_NULL_CONVERSION = YES;
				CLANG_WARN_OBJC_IMPLICIT_RETAIN_SELF = YES;
				CLANG_WARN_OBJC_LITERAL_CONVERSION = YES;
				CLANG_WARN_OBJC_ROOT_CLASS = YES_ERROR;
				CLANG_WARN_QUOTED_INCLUDE_IN_FRAMEWORK_HEADER = YES;
				CLANG_WARN_RANGE_LOOP_ANALYSIS = YES;
				CLANG_WARN_STRICT_PROTOTYPES = YES;
				CLANG_WARN_SUSPICIOUS_MOVE = YES;
				CLANG_WARN_UNGUARDED_AVAILABILITY = YES_AGGRESSIVE;
				CLANG_WARN_UNREACHABLE_CODE = YES;
				CLANG_WARN__DUPLICATE_METHOD_MATCH = YES;
				COPY_PHASE_STRIP = NO;
				DEBUG_INFORMATION_FORMAT = "dwarf-with-dsym";
				ENABLE_NS_ASSERTIONS = NO;
				ENABLE_STRICT_OBJC_MSGSEND = YES;
				ENABLE_USER_SCRIPT_SANDBOXING = YES;
				GCC_C_LANGUAGE_STANDARD = gnu17;
				GCC_NO_COMMON_BLOCKS = YES;
				GCC_WARN_64_TO_32_BIT_CONVERSION = YES;
				GCC_WARN_ABOUT_RETURN_TYPE = YES_ERROR;
				GCC_WARN_UNDECLARED_SELECTOR = YES;
				GCC_WARN_UNINITIALIZED_AUTOS = YES_AGGRESSIVE;
				GCC_WARN_UNUSED_FUNCTION = YES;
				GCC_WARN_UNUSED_VARIABLE = YES;
				IPHONEOS_DEPLOYMENT_TARGET = 17.0;
				LOCALIZATION_PREFERS_STRING_CATALOGS = YES;
				MTL_ENABLE_DEBUG_INFO = NO;
				MTL_FAST_MATH = YES;
				SDKROOT = iphoneos;
				SWIFT_COMPILATION_MODE = wholemodule;
				VALIDATE_PRODUCT = YES;
			};
			name = Release;
		};
		597DE90F2B166221006A85BC /* Debug */ = {
			isa = XCBuildConfiguration;
			buildSettings = {
				ASSETCATALOG_COMPILER_APPICON_NAME = AppIcon;
				ASSETCATALOG_COMPILER_GLOBAL_ACCENT_COLOR_NAME = AccentColor;
				CODE_SIGN_STYLE = Automatic;
				CURRENT_PROJECT_VERSION = 1;
				DEVELOPMENT_ASSET_PATHS = "\"Castulator/Preview Content\"";
				DEVELOPMENT_TEAM = K5U7BRQ5VA;
				ENABLE_PREVIEWS = YES;
				GENERATE_INFOPLIST_FILE = YES;
				INFOPLIST_FILE = Castulator/Info.plist;
				INFOPLIST_KEY_UIApplicationSceneManifest_Generation = YES;
				INFOPLIST_KEY_UIApplicationSupportsIndirectInputEvents = YES;
				INFOPLIST_KEY_UILaunchScreen_Generation = YES;
				INFOPLIST_KEY_UISupportedInterfaceOrientations_iPad = "UIInterfaceOrientationPortrait UIInterfaceOrientationPortraitUpsideDown UIInterfaceOrientationLandscapeLeft UIInterfaceOrientationLandscapeRight";
				INFOPLIST_KEY_UISupportedInterfaceOrientations_iPhone = "UIInterfaceOrientationPortrait UIInterfaceOrientationLandscapeLeft UIInterfaceOrientationLandscapeRight";
				LD_RUNPATH_SEARCH_PATHS = (
					"$(inherited)",
					"@executable_path/Frameworks",
				);
				MARKETING_VERSION = 1.0;
				PRODUCT_BUNDLE_IDENTIFIER = rdgronii.Castulator;
				PRODUCT_NAME = "$(TARGET_NAME)";
				SWIFT_EMIT_LOC_STRINGS = YES;
				SWIFT_VERSION = 5.0;
				TARGETED_DEVICE_FAMILY = "1,2";
			};
			name = Debug;
		};
		597DE9102B166221006A85BC /* Release */ = {
			isa = XCBuildConfiguration;
			buildSettings = {
				ASSETCATALOG_COMPILER_APPICON_NAME = AppIcon;
				ASSETCATALOG_COMPILER_GLOBAL_ACCENT_COLOR_NAME = AccentColor;
				CODE_SIGN_STYLE = Automatic;
				CURRENT_PROJECT_VERSION = 1;
				DEVELOPMENT_ASSET_PATHS = "\"Castulator/Preview Content\"";
				DEVELOPMENT_TEAM = K5U7BRQ5VA;
				ENABLE_PREVIEWS = YES;
				GENERATE_INFOPLIST_FILE = YES;
				INFOPLIST_FILE = Castulator/Info.plist;
				INFOPLIST_KEY_UIApplicationSceneManifest_Generation = YES;
				INFOPLIST_KEY_UIApplicationSupportsIndirectInputEvents = YES;
				INFOPLIST_KEY_UILaunchScreen_Generation = YES;
				INFOPLIST_KEY_UISupportedInterfaceOrientations_iPad = "UIInterfaceOrientationPortrait UIInterfaceOrientationPortraitUpsideDown UIInterfaceOrientationLandscapeLeft UIInterfaceOrientationLandscapeRight";
				INFOPLIST_KEY_UISupportedInterfaceOrientations_iPhone = "UIInterfaceOrientationPortrait UIInterfaceOrientationLandscapeLeft UIInterfaceOrientationLandscapeRight";
				LD_RUNPATH_SEARCH_PATHS = (
					"$(inherited)",
					"@executable_path/Frameworks",
				);
				MARKETING_VERSION = 1.0;
				PRODUCT_BUNDLE_IDENTIFIER = rdgronii.Castulator;
				PRODUCT_NAME = "$(TARGET_NAME)";
				SWIFT_EMIT_LOC_STRINGS = YES;
				SWIFT_VERSION = 5.0;
				TARGETED_DEVICE_FAMILY = "1,2";
			};
			name = Release;
		};
		59E5740E2B2B5AFF008ADF2A /* Debug */ = {
			isa = XCBuildConfiguration;
			buildSettings = {
				BUNDLE_LOADER = "$(TEST_HOST)";
				CODE_SIGN_STYLE = Automatic;
				CURRENT_PROJECT_VERSION = 1;
				DEVELOPMENT_TEAM = K5U7BRQ5VA;
				GENERATE_INFOPLIST_FILE = YES;
				MARKETING_VERSION = 1.0;
				PRODUCT_BUNDLE_IDENTIFIER = dev.ridigilis.CastulatorTests;
				PRODUCT_NAME = "$(TARGET_NAME)";
				SWIFT_EMIT_LOC_STRINGS = NO;
				SWIFT_VERSION = 5.0;
				TARGETED_DEVICE_FAMILY = "1,2";
				TEST_HOST = "$(BUILT_PRODUCTS_DIR)/Castulator.app/$(BUNDLE_EXECUTABLE_FOLDER_PATH)/Castulator";
			};
			name = Debug;
		};
		59E5740F2B2B5AFF008ADF2A /* Release */ = {
			isa = XCBuildConfiguration;
			buildSettings = {
				BUNDLE_LOADER = "$(TEST_HOST)";
				CODE_SIGN_STYLE = Automatic;
				CURRENT_PROJECT_VERSION = 1;
				DEVELOPMENT_TEAM = K5U7BRQ5VA;
				GENERATE_INFOPLIST_FILE = YES;
				MARKETING_VERSION = 1.0;
				PRODUCT_BUNDLE_IDENTIFIER = dev.ridigilis.CastulatorTests;
				PRODUCT_NAME = "$(TARGET_NAME)";
				SWIFT_EMIT_LOC_STRINGS = NO;
				SWIFT_VERSION = 5.0;
				TARGETED_DEVICE_FAMILY = "1,2";
				TEST_HOST = "$(BUILT_PRODUCTS_DIR)/Castulator.app/$(BUNDLE_EXECUTABLE_FOLDER_PATH)/Castulator";
			};
			name = Release;
		};
/* End XCBuildConfiguration section */

/* Begin XCConfigurationList section */
		597DE8FB2B16621F006A85BC /* Build configuration list for PBXProject "Castulator" */ = {
			isa = XCConfigurationList;
			buildConfigurations = (
				597DE90C2B166221006A85BC /* Debug */,
				597DE90D2B166221006A85BC /* Release */,
			);
			defaultConfigurationIsVisible = 0;
			defaultConfigurationName = Release;
		};
		597DE90E2B166221006A85BC /* Build configuration list for PBXNativeTarget "Castulator" */ = {
			isa = XCConfigurationList;
			buildConfigurations = (
				597DE90F2B166221006A85BC /* Debug */,
				597DE9102B166221006A85BC /* Release */,
			);
			defaultConfigurationIsVisible = 0;
			defaultConfigurationName = Release;
		};
		59E5740D2B2B5AFF008ADF2A /* Build configuration list for PBXNativeTarget "CastulatorTests" */ = {
			isa = XCConfigurationList;
			buildConfigurations = (
				59E5740E2B2B5AFF008ADF2A /* Debug */,
				59E5740F2B2B5AFF008ADF2A /* Release */,
			);
			defaultConfigurationIsVisible = 0;
			defaultConfigurationName = Release;
		};
/* End XCConfigurationList section */
	};
	rootObject = 597DE8F82B16621F006A85BC /* Project object */;
}
